
Microsoft Visual Studio Solution File, Format Version 12.00
# Visual Studio 2013
VisualStudioVersion = 12.0.40629.0
MinimumVisualStudioVersion = 10.0.40219.1
Project("{FAE04EC0-301F-11D3-BF4B-00C04F79EFBC}") = "puntoVentaModelo", "puntoVentaModelo\puntoVentaModelo.csproj", "{77DBFD31-35BF-4297-9449-E9E64C3353FA}"
EndProject
Project("{FAE04EC0-301F-11D3-BF4B-00C04F79EFBC}") = "puntoVentaWin", "puntoVentaWin\puntoVentaWin.csproj", "{43B8C09B-5CEE-43A8-8A55-24B138F1791D}"
EndProject
Global
	GlobalSection(SolutionConfigurationPlatforms) = preSolution
		Debug|Any CPU = Debug|Any CPU
		Release|Any CPU = Release|Any CPU
	EndGlobalSection
	GlobalSection(ProjectConfigurationPlatforms) = postSolution
		{77DBFD31-35BF-4297-9449-E9E64C3353FA}.Debug|Any CPU.ActiveCfg = Debug|Any CPU
		{77DBFD31-35BF-4297-9449-E9E64C3353FA}.Debug|Any CPU.Build.0 = Debug|Any CPU
		{77DBFD31-35BF-4297-9449-E9E64C3353FA}.Release|Any CPU.ActiveCfg = Release|Any CPU
		{77DBFD31-35BF-4297-9449-E9E64C3353FA}.Release|Any CPU.Build.0 = Release|Any CPU
		{43B8C09B-5CEE-43A8-8A55-24B138F1791D}.Debug|Any CPU.ActiveCfg = Debug|Any CPU
		{43B8C09B-5CEE-43A8-8A55-24B138F1791D}.Debug|Any CPU.Build.0 = Debug|Any CPU
		{43B8C09B-5CEE-43A8-8A55-24B138F1791D}.Release|Any CPU.ActiveCfg = Release|Any CPU
		{43B8C09B-5CEE-43A8-8A55-24B138F1791D}.Release|Any CPU.Build.0 = Release|Any CPU
	EndGlobalSection
	GlobalSection(SolutionProperties) = preSolution
		HideSolutionNode = FALSE
	EndGlobalSection
EndGlobal
